Microsoft Visual Studio Solution File, Format Version 11.00
# Visual Studio 2008

Project("{955CD869-1CA8-9A6B-AA6E-A10C7787E604}") = "School", "Assembly-CSharp-firstpass.csproj", "{1E9CE04E-E539-068B-C64B-099C38258E27}"
EndProject
Project("{955CD869-1CA8-9A6B-AA6E-A10C7787E604}") = "School", "Assembly-CSharp.csproj", "{AF2EDB2E-C186-EC32-C7B6-0DCF82FAC30F}"
EndProject
Project("{955CD869-1CA8-9A6B-AA6E-A10C7787E604}") = "School", "Assembly-CSharp-Editor.csproj", "{421AD664-EB73-A1A5-20A4-600A505B1F65}"
EndProject
Project("{955CD869-1CA8-9A6B-AA6E-A10C7787E604}") = "School", "Assembly-Boo-Editor.booproj", "{8EBFA96E-B959-D1DF-73E5-94FB9F84E66B}"
EndProject
Project("{955CD869-1CA8-9A6B-AA6E-A10C7787E604}") = "School", "Assembly-UnityScript-firstpass.unityproj", "{DC01EA68-C2BE-8F21-8C00-B25C296FA50E}"
EndProject
Project("{955CD869-1CA8-9A6B-AA6E-A10C7787E604}") = "School", "Assembly-UnityScript.unityproj", "{BF270C00-D698-334A-3F73-F86C6113EE73}"
EndProject
Project("{955CD869-1CA8-9A6B-AA6E-A10C7787E604}") = "School", "Assembly-UnityScript-Editor.unityproj", "{76B1FD1B-E65A-A759-8555-4DFF0585DD48}"
EndProject
Global
	GlobalSection(SolutionConfigurationPlatforms) = preSolution
		Debug|Any CPU = Debug|Any CPU
		Release|Any CPU = Release|Any CPU
	EndGlobalSection
	GlobalSection(ProjectConfigurationPlatforms) = postSolution
		{1E9CE04E-E539-068B-C64B-099C38258E27}.Debug|Any CPU.ActiveCfg = Debug|Any CPU
		{1E9CE04E-E539-068B-C64B-099C38258E27}.Debug|Any CPU.Build.0 = Debug|Any CPU
		{1E9CE04E-E539-068B-C64B-099C38258E27}.Release|Any CPU.ActiveCfg = Release|Any CPU
		{1E9CE04E-E539-068B-C64B-099C38258E27}.Release|Any CPU.Build.0 = Release|Any CPU
		{AF2EDB2E-C186-EC32-C7B6-0DCF82FAC30F}.Debug|Any CPU.ActiveCfg = Debug|Any CPU
		{AF2EDB2E-C186-EC32-C7B6-0DCF82FAC30F}.Debug|Any CPU.Build.0 = Debug|Any CPU
		{AF2EDB2E-C186-EC32-C7B6-0DCF82FAC30F}.Release|Any CPU.ActiveCfg = Release|Any CPU
		{AF2EDB2E-C186-EC32-C7B6-0DCF82FAC30F}.Release|Any CPU.Build.0 = Release|Any CPU
		{421AD664-EB73-A1A5-20A4-600A505B1F65}.Debug|Any CPU.ActiveCfg = Debug|Any CPU
		{421AD664-EB73-A1A5-20A4-600A505B1F65}.Debug|Any CPU.Build.0 = Debug|Any CPU
		{421AD664-EB73-A1A5-20A4-600A505B1F65}.Release|Any CPU.ActiveCfg = Release|Any CPU
		{421AD664-EB73-A1A5-20A4-600A505B1F65}.Release|Any CPU.Build.0 = Release|Any CPU
		{8EBFA96E-B959-D1DF-73E5-94FB9F84E66B}.Debug|Any CPU.ActiveCfg = Debug|Any CPU
		{8EBFA96E-B959-D1DF-73E5-94FB9F84E66B}.Debug|Any CPU.Build.0 = Debug|Any CPU
		{8EBFA96E-B959-D1DF-73E5-94FB9F84E66B}.Release|Any CPU.ActiveCfg = Release|Any CPU
		{8EBFA96E-B959-D1DF-73E5-94FB9F84E66B}.Release|Any CPU.Build.0 = Release|Any CPU
		{DC01EA68-C2BE-8F21-8C00-B25C296FA50E}.Debug|Any CPU.ActiveCfg = Debug|Any CPU
		{DC01EA68-C2BE-8F21-8C00-B25C296FA50E}.Debug|Any CPU.Build.0 = Debug|Any CPU
		{DC01EA68-C2BE-8F21-8C00-B25C296FA50E}.Release|Any CPU.ActiveCfg = Release|Any CPU
		{DC01EA68-C2BE-8F21-8C00-B25C296FA50E}.Release|Any CPU.Build.0 = Release|Any CPU
		{BF270C00-D698-334A-3F73-F86C6113EE73}.Debug|Any CPU.ActiveCfg = Debug|Any CPU
		{BF270C00-D698-334A-3F73-F86C6113EE73}.Debug|Any CPU.Build.0 = Debug|Any CPU
		{BF270C00-D698-334A-3F73-F86C6113EE73}.Release|Any CPU.ActiveCfg = Release|Any CPU
		{BF270C00-D698-334A-3F73-F86C6113EE73}.Release|Any CPU.Build.0 = Release|Any CPU
		{76B1FD1B-E65A-A759-8555-4DFF0585DD48}.Debug|Any CPU.ActiveCfg = Debug|Any CPU
		{76B1FD1B-E65A-A759-8555-4DFF0585DD48}.Debug|Any CPU.Build.0 = Debug|Any CPU
		{76B1FD1B-E65A-A759-8555-4DFF0585DD48}.Release|Any CPU.ActiveCfg = Release|Any CPU
		{76B1FD1B-E65A-A759-8555-4DFF0585DD48}.Release|Any CPU.Build.0 = Release|Any CPU
	EndGlobalSection
	GlobalSection(SolutionProperties) = preSolution
		HideSolutionNode = FALSE
	EndGlobalSection
																																GlobalSection(MonoDevelopProperties) = preSolution
		StartupItem = Assembly-CSharp.csproj
		Policies = $0
		$0.TextStylePolicy = $1
		$1.inheritsSet = null
		$1.scope = text/x-csharp
		$0.CSharpFormattingPolicy = $2
		$2.inheritsSet = Mono
		$2.inheritsScope = text/x-csharp
		$2.scope = text/x-csharp
		$0.TextStylePolicy = $3
		$3.FileWidth = 120
		$3.TabWidth = 4
		$3.EolMarker = Unix
		$3.inheritsSet = Mono
		$3.inheritsScope = text/plain
		$3.scope = text/plain
	EndGlobalSection

EndGlobal
